
Microsoft Visual Studio Solution File, Format Version 12.00
# Visual Studio Version 16
VisualStudioVersion = 16.0.30804.86
MinimumVisualStudioVersion = 10.0.40219.1
Project("{FAE04EC0-301F-11D3-BF4B-00C04F79EFBC}") = "RazorPractice", "RazorPractice\RazorPractice.csproj", "{4DEFB568-A449-450B-B101-807B94E5E42A}"
EndProject
Global
	GlobalSection(SolutionConfigurationPlatforms) = preSolution
		Debug|Any CPU = Debug|Any CPU
		Release|Any CPU = Release|Any CPU
	EndGlobalSection
	GlobalSection(ProjectConfigurationPlatforms) = postSolution
		{4DEFB568-A449-450B-B101-807B94E5E42A}.Debug|Any CPU.ActiveCfg = Debug|Any CPU
		{4DEFB568-A449-450B-B101-807B94E5E42A}.Debug|Any CPU.Build.0 = Debug|Any CPU
		{4DEFB568-A449-450B-B101-807B94E5E42A}.Release|Any CPU.ActiveCfg = Release|Any CPU
		{4DEFB568-A449-450B-B101-807B94E5E42A}.Release|Any CPU.Build.0 = Release|Any CPU
	EndGlobalSection
	GlobalSection(SolutionProperties) = preSolution
		HideSolutionNode = FALSE
	EndGlobalSection
	GlobalSection(ExtensibilityGlobals) = postSolution
		SolutionGuid = {FC64C762-10EF-4FB3-9478-5B5A3824A24E}
	EndGlobalSection
EndGlobal
